github.com/SakoDroid/telego/v2 v2.1.0 h1:14RWq9APvJTg9+Ouc5JnLXCrbQKws9WkoXKxgTmZmbs=
github.com/SakoDroid/telego/v2 v2.1.0/go.mod h1:cd7rWSYFna9lprM70ignc3HYSsVPaLU0JjDzPosJH3A=
github.com/jomei/notionapi v1.13.0 h1:+7c32xWtKJEghIiaKgFg9yBpqh95pxxlqX/CWjqHpkw=
github.com/jomei/notionapi v1.13.0/go.mod h1:BqzP6JBddpBnXvMSIxiR5dCoCjKngmz5QNl1ONDlDoM=
